
Microsoft Visual Studio Solution File, Format Version 12.00
# Visual Studio Version 17
VisualStudioVersion = 17.8.34511.84
MinimumVisualStudioVersion = 10.0.40219.1
Project("{9A19103F-16F7-4668-BE54-9A1E7A4F7556}") = "API", "API\API.csproj", "{AB9FA073-1E59-44B2-B59F-DEBCEFF64E8E}"
EndProject
Project("{9A19103F-16F7-4668-BE54-9A1E7A4F7556}") = "Web", "Web\Web.csproj", "{FA582690-16BB-42B4-8C79-8C1C4F6E7286}"
EndProject
Global
	GlobalSection(SolutionConfigurationPlatforms) = preSolution
		Debug|Any CPU = Debug|Any CPU
		Release|Any CPU = Release|Any CPU
	EndGlobalSection
	GlobalSection(ProjectConfigurationPlatforms) = postSolution
		{AB9FA073-1E59-44B2-B59F-DEBCEFF64E8E}.Debug|Any CPU.ActiveCfg = Debug|Any CPU
		{AB9FA073-1E59-44B2-B59F-DEBCEFF64E8E}.Debug|Any CPU.Build.0 = Debug|Any CPU
		{AB9FA073-1E59-44B2-B59F-DEBCEFF64E8E}.Release|Any CPU.ActiveCfg = Release|Any CPU
		{AB9FA073-1E59-44B2-B59F-DEBCEFF64E8E}.Release|Any CPU.Build.0 = Release|Any CPU
		{FA582690-16BB-42B4-8C79-8C1C4F6E7286}.Debug|Any CPU.ActiveCfg = Debug|Any CPU
		{FA582690-16BB-42B4-8C79-8C1C4F6E7286}.Debug|Any CPU.Build.0 = Debug|Any CPU
		{FA582690-16BB-42B4-8C79-8C1C4F6E7286}.Release|Any CPU.ActiveCfg = Release|Any CPU
		{FA582690-16BB-42B4-8C79-8C1C4F6E7286}.Release|Any CPU.Build.0 = Release|Any CPU
	EndGlobalSection
	GlobalSection(SolutionProperties) = preSolution
		HideSolutionNode = FALSE
	EndGlobalSection
	GlobalSection(ExtensibilityGlobals) = postSolution
		SolutionGuid = {DB214676-62C4-48CA-B055-D5B35A7DA4A1}
	EndGlobalSection
EndGlobal
